
Microsoft Visual Studio Solution File, Format Version 12.00
# Visual Studio Version 16
VisualStudioVersion = 25.0.1703.2
MinimumVisualStudioVersion = 10.0.40219.1
Project("{FAE04EC0-301F-11D3-BF4B-00C04F79EFBC}") = "FeatureManagementPlay", "FeatureManagementPlay\FeatureManagementPlay.csproj", "{BE82F588-26C5-4BC6-8C58-EF7FCC9AE07A}"
EndProject
Project("{FAE04EC0-301F-11D3-BF4B-00C04F79EFBC}") = "FeatureManagementPlay.Tests", "FeatureManagementPlay.Tests\FeatureManagementPlay.Tests.csproj", "{53353E60-35F0-4F7F-AB39-782DB7A7CB3B}"
EndProject
Global
	GlobalSection(SolutionConfigurationPlatforms) = preSolution
		Debug|Any CPU = Debug|Any CPU
		Release|Any CPU = Release|Any CPU
	EndGlobalSection
	GlobalSection(ProjectConfigurationPlatforms) = postSolution
		{BE82F588-26C5-4BC6-8C58-EF7FCC9AE07A}.Debug|Any CPU.ActiveCfg = Debug|Any CPU
		{BE82F588-26C5-4BC6-8C58-EF7FCC9AE07A}.Debug|Any CPU.Build.0 = Debug|Any CPU
		{BE82F588-26C5-4BC6-8C58-EF7FCC9AE07A}.Release|Any CPU.ActiveCfg = Release|Any CPU
		{BE82F588-26C5-4BC6-8C58-EF7FCC9AE07A}.Release|Any CPU.Build.0 = Release|Any CPU
		{53353E60-35F0-4F7F-AB39-782DB7A7CB3B}.Debug|Any CPU.ActiveCfg = Debug|Any CPU
		{53353E60-35F0-4F7F-AB39-782DB7A7CB3B}.Debug|Any CPU.Build.0 = Debug|Any CPU
		{53353E60-35F0-4F7F-AB39-782DB7A7CB3B}.Release|Any CPU.ActiveCfg = Release|Any CPU
		{53353E60-35F0-4F7F-AB39-782DB7A7CB3B}.Release|Any CPU.Build.0 = Release|Any CPU
	EndGlobalSection
	GlobalSection(SolutionProperties) = preSolution
		HideSolutionNode = FALSE
	EndGlobalSection
	GlobalSection(ExtensibilityGlobals) = postSolution
		SolutionGuid = {CE187F9C-954C-49A2-A0EA-464F47241262}
	EndGlobalSection
EndGlobal
